
Microsoft Visual Studio Solution File, Format Version 12.00
# Visual Studio 15
VisualStudioVersion = 15.0.27520.0
MinimumVisualStudioVersion = 10.0.40219.1
Project("{9A19103F-16F7-4668-BE54-9A1E7A4F7556}") = "Tracklisted.WebAPI", "Tracklisted.WebAPI\Tracklisted.WebAPI.csproj", "{09014082-DC1B-4207-8073-63379668B632}"
EndProject
Project("{9A19103F-16F7-4668-BE54-9A1E7A4F7556}") = "Tracklisted", "Tracklisted\Tracklisted.csproj", "{B38E6B14-2022-480C-90A7-E77A3BA063DF}"
EndProject
Project("{9A19103F-16F7-4668-BE54-9A1E7A4F7556}") = "Tracklisted.Commands.Sender", "Tracklisted.Commands.Sender\Tracklisted.Commands.Sender.csproj", "{A1EF8739-45DD-4AF4-9683-1B7EB3925377}"
EndProject
Project("{9A19103F-16F7-4668-BE54-9A1E7A4F7556}") = "Tracklisted.Configuration", "Tracklisted.Configuration\Tracklisted.Configuration.csproj", "{648DCC93-D36F-47ED-81A4-282CDC155A44}"
EndProject
Project("{9A19103F-16F7-4668-BE54-9A1E7A4F7556}") = "Tracklisted.Commands", "Tracklisted.Commands\Tracklisted.Commands.csproj", "{F2346352-A16B-4B0C-91B6-AAEBBC11C663}"
EndProject
Project("{9A19103F-16F7-4668-BE54-9A1E7A4F7556}") = "Tracklisted.Commands.Receiver", "Tracklisted.Commands.Receiver\Tracklisted.Commands.Receiver.csproj", "{E7F4F67A-D2A1-4F87-BF37-0F8FE58A10EE}"
EndProject
Project("{FAE04EC0-301F-11D3-BF4B-00C04F79EFBC}") = "Tracklisted.Infrastructure", "Tracklisted.Infrastructure\Tracklisted.Infrastructure.csproj", "{D57ECCE1-E406-4E8A-A675-BA8172027C4C}"
EndProject
Global
	GlobalSection(SolutionConfigurationPlatforms) = preSolution
		Debug|Any CPU = Debug|Any CPU
		Release|Any CPU = Release|Any CPU
	EndGlobalSection
	GlobalSection(ProjectConfigurationPlatforms) = postSolution
		{09014082-DC1B-4207-8073-63379668B632}.Debug|Any CPU.ActiveCfg = Debug|Any CPU
		{09014082-DC1B-4207-8073-63379668B632}.Debug|Any CPU.Build.0 = Debug|Any CPU
		{09014082-DC1B-4207-8073-63379668B632}.Release|Any CPU.ActiveCfg = Release|Any CPU
		{09014082-DC1B-4207-8073-63379668B632}.Release|Any CPU.Build.0 = Release|Any CPU
		{B38E6B14-2022-480C-90A7-E77A3BA063DF}.Debug|Any CPU.ActiveCfg = Debug|Any CPU
		{B38E6B14-2022-480C-90A7-E77A3BA063DF}.Debug|Any CPU.Build.0 = Debug|Any CPU
		{B38E6B14-2022-480C-90A7-E77A3BA063DF}.Release|Any CPU.ActiveCfg = Release|Any CPU
		{B38E6B14-2022-480C-90A7-E77A3BA063DF}.Release|Any CPU.Build.0 = Release|Any CPU
		{A1EF8739-45DD-4AF4-9683-1B7EB3925377}.Debug|Any CPU.ActiveCfg = Debug|Any CPU
		{A1EF8739-45DD-4AF4-9683-1B7EB3925377}.Debug|Any CPU.Build.0 = Debug|Any CPU
		{A1EF8739-45DD-4AF4-9683-1B7EB3925377}.Release|Any CPU.ActiveCfg = Release|Any CPU
		{A1EF8739-45DD-4AF4-9683-1B7EB3925377}.Release|Any CPU.Build.0 = Release|Any CPU
		{648DCC93-D36F-47ED-81A4-282CDC155A44}.Debug|Any CPU.ActiveCfg = Debug|Any CPU
		{648DCC93-D36F-47ED-81A4-282CDC155A44}.Debug|Any CPU.Build.0 = Debug|Any CPU
		{648DCC93-D36F-47ED-81A4-282CDC155A44}.Release|Any CPU.ActiveCfg = Release|Any CPU
		{648DCC93-D36F-47ED-81A4-282CDC155A44}.Release|Any CPU.Build.0 = Release|Any CPU
		{F2346352-A16B-4B0C-91B6-AAEBBC11C663}.Debug|Any CPU.ActiveCfg = Debug|Any CPU
		{F2346352-A16B-4B0C-91B6-AAEBBC11C663}.Debug|Any CPU.Build.0 = Debug|Any CPU
		{F2346352-A16B-4B0C-91B6-AAEBBC11C663}.Release|Any CPU.ActiveCfg = Release|Any CPU
		{F2346352-A16B-4B0C-91B6-AAEBBC11C663}.Release|Any CPU.Build.0 = Release|Any CPU
		{E7F4F67A-D2A1-4F87-BF37-0F8FE58A10EE}.Debug|Any CPU.ActiveCfg = Debug|Any CPU
		{E7F4F67A-D2A1-4F87-BF37-0F8FE58A10EE}.Debug|Any CPU.Build.0 = Debug|Any CPU
		{E7F4F67A-D2A1-4F87-BF37-0F8FE58A10EE}.Release|Any CPU.ActiveCfg = Release|Any CPU
		{E7F4F67A-D2A1-4F87-BF37-0F8FE58A10EE}.Release|Any CPU.Build.0 = Release|Any CPU
		{D57ECCE1-E406-4E8A-A675-BA8172027C4C}.Debug|Any CPU.ActiveCfg = Debug|Any CPU
		{D57ECCE1-E406-4E8A-A675-BA8172027C4C}.Debug|Any CPU.Build.0 = Debug|Any CPU
		{D57ECCE1-E406-4E8A-A675-BA8172027C4C}.Release|Any CPU.ActiveCfg = Release|Any CPU
		{D57ECCE1-E406-4E8A-A675-BA8172027C4C}.Release|Any CPU.Build.0 = Release|Any CPU
	EndGlobalSection
	GlobalSection(SolutionProperties) = preSolution
		HideSolutionNode = FALSE
	EndGlobalSection
	GlobalSection(ExtensibilityGlobals) = postSolution
		SolutionGuid = {A7802B65-535F-43FF-8656-A51E358941AD}
	EndGlobalSection
EndGlobal
